// !$*UTF8*$!
{
	archiveVersion = 1;
	classes = {
	};
	objectVersion = 56;
	objects = {

/* Begin PBXBuildFile section */
		11B402CB2BEA3EA60005CE4B /* FirestoreChatApp.swift in Sources */ = {isa = PBXBuildFile; fileRef = 11B402CA2BEA3EA60005CE4B /* FirestoreChatApp.swift */; };
		11B402CD2BEA3EA60005CE4B /* ContentView.swift in Sources */ = {isa = PBXBuildFile; fileRef = 11B402CC2BEA3EA60005CE4B /* ContentView.swift */; };
		11B402CF2BEA3EA80005CE4B /* Assets.xcassets in Resources */ = {isa = PBXBuildFile; fileRef = 11B402CE2BEA3EA80005CE4B /* Assets.xcassets */; };
		11B402D22BEA3EA80005CE4B /* Preview Assets.xcassets in Resources */ = {isa = PBXBuildFile; fileRef = 11B402D12BEA3EA80005CE4B /* Preview Assets.xcassets */; };
		11B402E02BEA3EE20005CE4B /* MessageField.swift in Sources */ = {isa = PBXBuildFile; fileRef = 11B402D92BEA3EE20005CE4B /* MessageField.swift */; };
		11B402E12BEA3EE20005CE4B /* MessageBubble.swift in Sources */ = {isa = PBXBuildFile; fileRef = 11B402DA2BEA3EE20005CE4B /* MessageBubble.swift */; };
		11B402E22BEA3EE20005CE4B /* TitleRow.swift in Sources */ = {isa = PBXBuildFile; fileRef = 11B402DB2BEA3EE20005CE4B /* TitleRow.swift */; };
		11B402E32BEA3EE20005CE4B /* MessageModel.swift in Sources */ = {isa = PBXBuildFile; fileRef = 11B402DD2BEA3EE20005CE4B /* MessageModel.swift */; };
		11B402E42BEA3EE20005CE4B /* ViewExtensions.swift in Sources */ = {isa = PBXBuildFile; fileRef = 11B402DF2BEA3EE20005CE4B /* ViewExtensions.swift */; };
		11B402E62BEA3FBA0005CE4B /* GoogleService-Info.plist in Resources */ = {isa = PBXBuildFile; fileRef = 11B402E52BEA3FBA0005CE4B /* GoogleService-Info.plist */; };
		11B402E92BEA41030005CE4B /* FirebaseAnalytics in Frameworks */ = {isa = PBXBuildFile; productRef = 11B402E82BEA41030005CE4B /* FirebaseAnalytics */; };
		11B402EB2BEA41030005CE4B /* FirebaseAnalyticsOnDeviceConversion in Frameworks */ = {isa = PBXBuildFile; productRef = 11B402EA2BEA41030005CE4B /* FirebaseAnalyticsOnDeviceConversion */; };
		11B402ED2BEA41030005CE4B /* FirebaseAnalyticsSwift in Frameworks */ = {isa = PBXBuildFile; productRef = 11B402EC2BEA41030005CE4B /* FirebaseAnalyticsSwift */; };
		11B402EF2BEA41030005CE4B /* FirebaseAnalyticsWithoutAdIdSupport in Frameworks */ = {isa = PBXBuildFile; productRef = 11B402EE2BEA41030005CE4B /* FirebaseAnalyticsWithoutAdIdSupport */; };
		11B402F12BEA41030005CE4B /* FirebaseAppCheck in Frameworks */ = {isa = PBXBuildFile; productRef = 11B402F02BEA41030005CE4B /* FirebaseAppCheck */; };
		11B402F32BEA41030005CE4B /* FirebaseAppDistribution-Beta in Frameworks */ = {isa = PBXBuildFile; productRef = 11B402F22BEA41030005CE4B /* FirebaseAppDistribution-Beta */; };
		11B402F52BEA41030005CE4B /* FirebaseAuth in Frameworks */ = {isa = PBXBuildFile; productRef = 11B402F42BEA41030005CE4B /* FirebaseAuth */; };
		11B402F72BEA41030005CE4B /* FirebaseAuthCombine-Community in Frameworks */ = {isa = PBXBuildFile; productRef = 11B402F62BEA41030005CE4B /* FirebaseAuthCombine-Community */; };
		11B402F92BEA41030005CE4B /* FirebaseCrashlytics in Frameworks */ = {isa = PBXBuildFile; productRef = 11B402F82BEA41030005CE4B /* FirebaseCrashlytics */; };
		11B402FB2BEA41030005CE4B /* FirebaseDatabase in Frameworks */ = {isa = PBXBuildFile; productRef = 11B402FA2BEA41030005CE4B /* FirebaseDatabase */; };
		11B402FD2BEA41030005CE4B /* FirebaseDatabaseSwift in Frameworks */ = {isa = PBXBuildFile; productRef = 11B402FC2BEA41030005CE4B /* FirebaseDatabaseSwift */; };
		11B402FF2BEA41030005CE4B /* FirebaseDynamicLinks in Frameworks */ = {isa = PBXBuildFile; productRef = 11B402FE2BEA41030005CE4B /* FirebaseDynamicLinks */; };
		11B403012BEA41030005CE4B /* FirebaseFirestore in Frameworks */ = {isa = PBXBuildFile; productRef = 11B403002BEA41030005CE4B /* FirebaseFirestore */; };
		11B403032BEA41030005CE4B /* FirebaseFirestoreCombine-Community in Frameworks */ = {isa = PBXBuildFile; productRef = 11B403022BEA41030005CE4B /* FirebaseFirestoreCombine-Community */; };
		11B403052BEA41030005CE4B /* FirebaseFirestoreSwift in Frameworks */ = {isa = PBXBuildFile; productRef = 11B403042BEA41030005CE4B /* FirebaseFirestoreSwift */; };
		11B403072BEA41030005CE4B /* FirebaseFunctions in Frameworks */ = {isa = PBXBuildFile; productRef = 11B403062BEA41030005CE4B /* FirebaseFunctions */; };
		11B4030A2BEA5B030005CE4B /* MessagesManager.swift in Sources */ = {isa = PBXBuildFile; fileRef = 11B403092BEA5B030005CE4B /* MessagesManager.swift */; };
/* End PBXBuildFile section */

/* Begin PBXFileReference section */
		11B402C72BEA3EA60005CE4B /* FirestoreChat.app */ = {isa = PBXFileReference; explicitFileType = wrapper.application; includeInIndex = 0; path = FirestoreChat.app; sourceTree = BUILT_PRODUCTS_DIR; };
		11B402CA2BEA3EA60005CE4B /* FirestoreChatApp.swift */ = {isa = PBXFileReference; lastKnownFileType = sourcecode.swift; path = FirestoreChatApp.swift; sourceTree = "<group>"; };
		11B402CC2BEA3EA60005CE4B /* ContentView.swift */ = {isa = PBXFileReference; lastKnownFileType = sourcecode.swift; path = ContentView.swift; sourceTree = "<group>"; };
		11B402CE2BEA3EA80005CE4B /* Assets.xcassets */ = {isa = PBXFileReference; lastKnownFileType = folder.assetcatalog; path = Assets.xcassets; sourceTree = "<group>"; };
		11B402D12BEA3EA80005CE4B /* Preview Assets.xcassets */ = {isa = PBXFileReference; lastKnownFileType = folder.assetcatalog; path = "Preview Assets.xcassets"; sourceTree = "<group>"; };
		11B402D92BEA3EE20005CE4B /* MessageField.swift */ = {isa = PBXFileReference; fileEncoding = 4; lastKnownFileType = sourcecode.swift; path = MessageField.swift; sourceTree = "<group>"; };
		11B402DA2BEA3EE20005CE4B /* MessageBubble.swift */ = {isa = PBXFileReference; fileEncoding = 4; lastKnownFileType = sourcecode.swift; path = MessageBubble.swift; sourceTree = "<group>"; };
		11B402DB2BEA3EE20005CE4B /* TitleRow.swift */ = {isa = PBXFileReference; fileEncoding = 4; lastKnownFileType = sourcecode.swift; path = TitleRow.swift; sourceTree = "<group>"; };
		11B402DD2BEA3EE20005CE4B /* MessageModel.swift */ = {isa = PBXFileReference; fileEncoding = 4; lastKnownFileType = sourcecode.swift; path = MessageModel.swift; sourceTree = "<group>"; };
		11B402DF2BEA3EE20005CE4B /* ViewExtensions.swift */ = {isa = PBXFileReference; fileEncoding = 4; lastKnownFileType = sourcecode.swift; path = ViewExtensions.swift; sourceTree = "<group>"; };
		11B402E52BEA3FBA0005CE4B /* GoogleService-Info.plist */ = {isa = PBXFileReference; fileEncoding = 4; lastKnownFileType = text.plist.xml; path = "GoogleService-Info.plist"; sourceTree = "<group>"; };
		11B403092BEA5B030005CE4B /* MessagesManager.swift */ = {isa = PBXFileReference; lastKnownFileType = sourcecode.swift; path = MessagesManager.swift; sourceTree = "<group>"; };
/* End PBXFileReference section */

/* Begin PBXFrameworksBuildPhase section */
		11B402C42BEA3EA60005CE4B /* Frameworks */ = {
			isa = PBXFrameworksBuildPhase;
			buildActionMask = 2147483647;
			files = (
				11B402FB2BEA41030005CE4B /* FirebaseDatabase in Frameworks */,
				11B403012BEA41030005CE4B /* FirebaseFirestore in Frameworks */,
				11B402ED2BEA41030005CE4B /* FirebaseAnalyticsSwift in Frameworks */,
				11B402E92BEA41030005CE4B /* FirebaseAnalytics in Frameworks */,
				11B402EB2BEA41030005CE4B /* FirebaseAnalyticsOnDeviceConversion in Frameworks */,
				11B403052BEA41030005CE4B /* FirebaseFirestoreSwift in Frameworks */,
				11B402F12BEA41030005CE4B /* FirebaseAppCheck in Frameworks */,
				11B402EF2BEA41030005CE4B /* FirebaseAnalyticsWithoutAdIdSupport in Frameworks */,
				11B402F52BEA41030005CE4B /* FirebaseAuth in Frameworks */,
				11B402F92BEA41030005CE4B /* FirebaseCrashlytics in Frameworks */,
				11B402FD2BEA41030005CE4B /* FirebaseDatabaseSwift in Frameworks */,
				11B403072BEA41030005CE4B /* FirebaseFunctions in Frameworks */,
				11B402F32BEA41030005CE4B /* FirebaseAppDistribution-Beta in Frameworks */,
				11B402F72BEA41030005CE4B /* FirebaseAuthCombine-Community in Frameworks */,
				11B402FF2BEA41030005CE4B /* FirebaseDynamicLinks in Frameworks */,
				11B403032BEA41030005CE4B /* FirebaseFirestoreCombine-Community in Frameworks */,
			);
			runOnlyForDeploymentPostprocessing = 0;
		};
/* End PBXFrameworksBuildPhase section */

/* Begin PBXGroup section */
		11B402BE2BEA3EA60005CE4B = {
			isa = PBXGroup;
			children = (
				11B402C92BEA3EA60005CE4B /* FirestoreChat */,
				11B402C82BEA3EA60005CE4B /* Products */,
			);
			sourceTree = "<group>";
		};
		11B402C82BEA3EA60005CE4B /* Products */ = {
			isa = PBXGroup;
			children = (
				11B402C72BEA3EA60005CE4B /* FirestoreChat.app */,
			);
			name = Products;
			sourceTree = "<group>";
		};
		11B402C92BEA3EA60005CE4B /* FirestoreChat */ = {
			isa = PBXGroup;
			children = (
				11B402CA2BEA3EA60005CE4B /* FirestoreChatApp.swift */,
				11B402CC2BEA3EA60005CE4B /* ContentView.swift */,
				11B403082BEA5AEE0005CE4B /* Manager */,
				11B402DC2BEA3EE20005CE4B /* Models */,
				11B402D82BEA3EE20005CE4B /* Components */,
				11B402DE2BEA3EE20005CE4B /* Extensions */,
				11B402CE2BEA3EA80005CE4B /* Assets.xcassets */,
				11B402E52BEA3FBA0005CE4B /* GoogleService-Info.plist */,
				11B402D02BEA3EA80005CE4B /* Preview Content */,
			);
			path = FirestoreChat;
			sourceTree = "<group>";
		};
		11B402D02BEA3EA80005CE4B /* Preview Content */ = {
			isa = PBXGroup;
			children = (
				11B402D12BEA3EA80005CE4B /* Preview Assets.xcassets */,
			);
			path = "Preview Content";
			sourceTree = "<group>";
		};
		11B402D82BEA3EE20005CE4B /* Components */ = {
			isa = PBXGroup;
			children = (
				11B402D92BEA3EE20005CE4B /* MessageField.swift */,
				11B402DA2BEA3EE20005CE4B /* MessageBubble.swift */,
				11B402DB2BEA3EE20005CE4B /* TitleRow.swift */,
			);
			path = Components;
			sourceTree = "<group>";
		};
		11B402DC2BEA3EE20005CE4B /* Models */ = {
			isa = PBXGroup;
			children = (
				11B402DD2BEA3EE20005CE4B /* MessageModel.swift */,
			);
			path = Models;
			sourceTree = "<group>";
		};
		11B402DE2BEA3EE20005CE4B /* Extensions */ = {
			isa = PBXGroup;
			children = (
				11B402DF2BEA3EE20005CE4B /* ViewExtensions.swift */,
			);
			path = Extensions;
			sourceTree = "<group>";
		};
		11B403082BEA5AEE0005CE4B /* Manager */ = {
			isa = PBXGroup;
			children = (
				11B403092BEA5B030005CE4B /* MessagesManager.swift */,
			);
			path = Manager;
			sourceTree = "<group>";
		};
/* End PBXGroup section */

/* Begin PBXNativeTarget section */
		11B402C62BEA3EA60005CE4B /* FirestoreChat */ = {
			isa = PBXNativeTarget;
			buildConfigurationList = 11B402D52BEA3EA80005CE4B /* Build configuration list for PBXNativeTarget "FirestoreChat" */;
			buildPhases = (
				11B402C32BEA3EA60005CE4B /* Sources */,
				11B402C42BEA3EA60005CE4B /* Frameworks */,
				11B402C52BEA3EA60005CE4B /* Resources */,
			);
			buildRules = (
			);
			dependencies = (
			);
			name = FirestoreChat;
			packageProductDependencies = (
				11B402E82BEA41030005CE4B /* FirebaseAnalytics */,
				11B402EA2BEA41030005CE4B /* FirebaseAnalyticsOnDeviceConversion */,
				11B402EC2BEA41030005CE4B /* FirebaseAnalyticsSwift */,
				11B402EE2BEA41030005CE4B /* FirebaseAnalyticsWithoutAdIdSupport */,
				11B402F02BEA41030005CE4B /* FirebaseAppCheck */,
				11B402F22BEA41030005CE4B /* FirebaseAppDistribution-Beta */,
				11B402F42BEA41030005CE4B /* FirebaseAuth */,
				11B402F62BEA41030005CE4B /* FirebaseAuthCombine-Community */,
				11B402F82BEA41030005CE4B /* FirebaseCrashlytics */,
				11B402FA2BEA41030005CE4B /* FirebaseDatabase */,
				11B402FC2BEA41030005CE4B /* FirebaseDatabaseSwift */,
				11B402FE2BEA41030005CE4B /* FirebaseDynamicLinks */,
				11B403002BEA41030005CE4B /* FirebaseFirestore */,
				11B403022BEA41030005CE4B /* FirebaseFirestoreCombine-Community */,
				11B403042BEA41030005CE4B /* FirebaseFirestoreSwift */,
				11B403062BEA41030005CE4B /* FirebaseFunctions */,
			);
			productName = FirestoreChat;
			productReference = 11B402C72BEA3EA60005CE4B /* FirestoreChat.app */;
			productType = "com.apple.product-type.application";
		};
/* End PBXNativeTarget section */

/* Begin PBXProject section */
		11B402BF2BEA3EA60005CE4B /* Project object */ = {
			isa = PBXProject;
			attributes = {
				BuildIndependentTargetsInParallel = 1;
				LastSwiftUpdateCheck = 1520;
				LastUpgradeCheck = 1520;
				TargetAttributes = {
					11B402C62BEA3EA60005CE4B = {
						CreatedOnToolsVersion = 15.2;
					};
				};
			};
			buildConfigurationList = 11B402C22BEA3EA60005CE4B /* Build configuration list for PBXProject "FirestoreChat" */;
			compatibilityVersion = "Xcode 14.0";
			developmentRegion = en;
			hasScannedForEncodings = 0;
			knownRegions = (
				en,
				Base,
			);
			mainGroup = 11B402BE2BEA3EA60005CE4B;
			packageReferences = (
				11B402E72BEA41030005CE4B /* XCRemoteSwiftPackageReference "firebase-ios-sdk" */,
			);
			productRefGroup = 11B402C82BEA3EA60005CE4B /* Products */;
			projectDirPath = "";
			projectRoot = "";
			targets = (
				11B402C62BEA3EA60005CE4B /* FirestoreChat */,
			);
		};
/* End PBXProject section */

/* Begin PBXResourcesBuildPhase section */
		11B402C52BEA3EA60005CE4B /* Resources */ = {
			isa = PBXResourcesBuildPhase;
			buildActionMask = 2147483647;
			files = (
				11B402D22BEA3EA80005CE4B /* Preview Assets.xcassets in Resources */,
				11B402CF2BEA3EA80005CE4B /* Assets.xcassets in Resources */,
				11B402E62BEA3FBA0005CE4B /* GoogleService-Info.plist in Resources */,
			);
			runOnlyForDeploymentPostprocessing = 0;
		};
/* End PBXResourcesBuildPhase section */

/* Begin PBXSourcesBuildPhase section */
		11B402C32BEA3EA60005CE4B /* Sources */ = {
			isa = PBXSourcesBuildPhase;
			buildActionMask = 2147483647;
			files = (
				11B402CD2BEA3EA60005CE4B /* ContentView.swift in Sources */,
				11B402E42BEA3EE20005CE4B /* ViewExtensions.swift in Sources */,
				11B402E32BEA3EE20005CE4B /* MessageModel.swift in Sources */,
				11B4030A2BEA5B030005CE4B /* MessagesManager.swift in Sources */,
				11B402E02BEA3EE20005CE4B /* MessageField.swift in Sources */,
				11B402CB2BEA3EA60005CE4B /* FirestoreChatApp.swift in Sources */,
				11B402E22BEA3EE20005CE4B /* TitleRow.swift in Sources */,
				11B402E12BEA3EE20005CE4B /* MessageBubble.swift in Sources */,
			);
			runOnlyForDeploymentPostprocessing = 0;
		};
/* End PBXSourcesBuildPhase section */

/* Begin XCBuildConfiguration section */
		11B402D32BEA3EA80005CE4B /* Debug */ = {
			isa = XCBuildConfiguration;
			buildSettings = {
				ALWAYS_SEARCH_USER_PATHS = NO;
				ASSETCATALOG_COMPILER_GENERATE_SWIFT_ASSET_SYMBOL_EXTENSIONS = YES;
				CLANG_ANALYZER_NONNULL = YES;
				CLANG_ANALYZER_NUMBER_OBJECT_CONVERSION = YES_AGGRESSIVE;
				CLANG_CXX_LANGUAGE_STANDARD = "gnu++20";
				CLANG_ENABLE_MODULES = YES;
				CLANG_ENABLE_OBJC_ARC = YES;
				CLANG_ENABLE_OBJC_WEAK = YES;
				CLANG_WARN_BLOCK_CAPTURE_AUTORELEASING = YES;
				CLANG_WARN_BOOL_CONVERSION = YES;
				CLANG_WARN_COMMA = YES;
				CLANG_WARN_CONSTANT_CONVERSION = YES;
				CLANG_WARN_DEPRECATED_OBJC_IMPLEMENTATIONS = YES;
				CLANG_WARN_DIRECT_OBJC_ISA_USAGE = YES_ERROR;
				CLANG_WARN_DOCUMENTATION_COMMENTS = YES;
				CLANG_WARN_EMPTY_BODY = YES;
				CLANG_WARN_ENUM_CONVERSION = YES;
				CLANG_WARN_INFINITE_RECURSION = YES;
				CLANG_WARN_INT_CONVERSION = YES;
				CLANG_WARN_NON_LITERAL_NULL_CONVERSION = YES;
				CLANG_WARN_OBJC_IMPLICIT_RETAIN_SELF = YES;
				CLANG_WARN_OBJC_LITERAL_CONVERSION = YES;
				CLANG_WARN_OBJC_ROOT_CLASS = YES_ERROR;
				CLANG_WARN_QUOTED_INCLUDE_IN_FRAMEWORK_HEADER = YES;
				CLANG_WARN_RANGE_LOOP_ANALYSIS = YES;
				CLANG_WARN_STRICT_PROTOTYPES = YES;
				CLANG_WARN_SUSPICIOUS_MOVE = YES;
				CLANG_WARN_UNGUARDED_AVAILABILITY = YES_AGGRESSIVE;
				CLANG_WARN_UNREACHABLE_CODE = YES;
				CLANG_WARN__DUPLICATE_METHOD_MATCH = YES;
				COPY_PHASE_STRIP = NO;
				DEBUG_INFORMATION_FORMAT = dwarf;
				ENABLE_STRICT_OBJC_MSGSEND = YES;
				ENABLE_TESTABILITY = YES;
				ENABLE_USER_SCRIPT_SANDBOXING = YES;
				GCC_C_LANGUAGE_STANDARD = gnu17;
				GCC_DYNAMIC_NO_PIC = NO;
				GCC_NO_COMMON_BLOCKS = YES;
				GCC_OPTIMIZATION_LEVEL = 0;
				GCC_PREPROCESSOR_DEFINITIONS = (
					"DEBUG=1",
					"$(inherited)",
				);
				GCC_WARN_64_TO_32_BIT_CONVERSION = YES;
				GCC_WARN_ABOUT_RETURN_TYPE = YES_ERROR;
				GCC_WARN_UNDECLARED_SELECTOR = YES;
				GCC_WARN_UNINITIALIZED_AUTOS = YES_AGGRESSIVE;
				GCC_WARN_UNUSED_FUNCTION = YES;
				GCC_WARN_UNUSED_VARIABLE = YES;
				IPHONEOS_DEPLOYMENT_TARGET = 17.2;
				LOCALIZATION_PREFERS_STRING_CATALOGS = YES;
				MTL_ENABLE_DEBUG_INFO = INCLUDE_SOURCE;
				MTL_FAST_MATH = YES;
				ONLY_ACTIVE_ARCH = YES;
				SDKROOT = iphoneos;
				SWIFT_ACTIVE_COMPILATION_CONDITIONS = "DEBUG $(inherited)";
				SWIFT_OPTIMIZATION_LEVEL = "-Onone";
			};
			name = Debug;
		};
		11B402D42BEA3EA80005CE4B /* Release */ = {
			isa = XCBuildConfiguration;
			buildSettings = {
				ALWAYS_SEARCH_USER_PATHS = NO;
				ASSETCATALOG_COMPILER_GENERATE_SWIFT_ASSET_SYMBOL_EXTENSIONS = YES;
				CLANG_ANALYZER_NONNULL = YES;
				CLANG_ANALYZER_NUMBER_OBJECT_CONVERSION = YES_AGGRESSIVE;
				CLANG_CXX_LANGUAGE_STANDARD = "gnu++20";
				CLANG_ENABLE_MODULES = YES;
				CLANG_ENABLE_OBJC_ARC = YES;
				CLANG_ENABLE_OBJC_WEAK = YES;
				CLANG_WARN_BLOCK_CAPTURE_AUTORELEASING = YES;
				CLANG_WARN_BOOL_CONVERSION = YES;
				CLANG_WARN_COMMA = YES;
				CLANG_WARN_CONSTANT_CONVERSION = YES;
				CLANG_WARN_DEPRECATED_OBJC_IMPLEMENTATIONS = YES;
				CLANG_WARN_DIRECT_OBJC_ISA_USAGE = YES_ERROR;
				CLANG_WARN_DOCUMENTATION_COMMENTS = YES;
				CLANG_WARN_EMPTY_BODY = YES;
				CLANG_WARN_ENUM_CONVERSION = YES;
				CLANG_WARN_INFINITE_RECURSION = YES;
				CLANG_WARN_INT_CONVERSION = YES;
				CLANG_WARN_NON_LITERAL_NULL_CONVERSION = YES;
				CLANG_WARN_OBJC_IMPLICIT_RETAIN_SELF = YES;
				CLANG_WARN_OBJC_LITERAL_CONVERSION = YES;
				CLANG_WARN_OBJC_ROOT_CLASS = YES_ERROR;
				CLANG_WARN_QUOTED_INCLUDE_IN_FRAMEWORK_HEADER = YES;
				CLANG_WARN_RANGE_LOOP_ANALYSIS = YES;
				CLANG_WARN_STRICT_PROTOTYPES = YES;
				CLANG_WARN_SUSPICIOUS_MOVE = YES;
				CLANG_WARN_UNGUARDED_AVAILABILITY = YES_AGGRESSIVE;
				CLANG_WARN_UNREACHABLE_CODE = YES;
				CLANG_WARN__DUPLICATE_METHOD_MATCH = YES;
				COPY_PHASE_STRIP = NO;
				DEBUG_INFORMATION_FORMAT = "dwarf-with-dsym";
				ENABLE_NS_ASSERTIONS = NO;
				ENABLE_STRICT_OBJC_MSGSEND = YES;
				ENABLE_USER_SCRIPT_SANDBOXING = YES;
				GCC_C_LANGUAGE_STANDARD = gnu17;
				GCC_NO_COMMON_BLOCKS = YES;
				GCC_WARN_64_TO_32_BIT_CONVERSION = YES;
				GCC_WARN_ABOUT_RETURN_TYPE = YES_ERROR;
				GCC_WARN_UNDECLARED_SELECTOR = YES;
				GCC_WARN_UNINITIALIZED_AUTOS = YES_AGGRESSIVE;
				GCC_WARN_UNUSED_FUNCTION = YES;
				GCC_WARN_UNUSED_VARIABLE = YES;
				IPHONEOS_DEPLOYMENT_TARGET = 17.2;
				LOCALIZATION_PREFERS_STRING_CATALOGS = YES;
				MTL_ENABLE_DEBUG_INFO = NO;
				MTL_FAST_MATH = YES;
				SDKROOT = iphoneos;
				SWIFT_COMPILATION_MODE = wholemodule;
				VALIDATE_PRODUCT = YES;
			};
			name = Release;
		};
		11B402D62BEA3EA80005CE4B /* Debug */ = {
			isa = XCBuildConfiguration;
			buildSettings = {
				ASSETCATALOG_COMPILER_APPICON_NAME = AppIcon;
				ASSETCATALOG_COMPILER_GLOBAL_ACCENT_COLOR_NAME = AccentColor;
				CODE_SIGN_STYLE = Automatic;
				CURRENT_PROJECT_VERSION = 1;
				DEVELOPMENT_ASSET_PATHS = "\"FirestoreChat/Preview Content\"";
				DEVELOPMENT_TEAM = N3V9KBCCA7;
				ENABLE_PREVIEWS = YES;
				GENERATE_INFOPLIST_FILE = YES;
				INFOPLIST_KEY_UIApplicationSceneManifest_Generation = YES;
				INFOPLIST_KEY_UIApplicationSupportsIndirectInputEvents = YES;
				INFOPLIST_KEY_UILaunchScreen_Generation = YES;
				INFOPLIST_KEY_UISupportedInterfaceOrientations_iPad = "UIInterfaceOrientationPortrait UIInterfaceOrientationPortraitUpsideDown UIInterfaceOrientationLandscapeLeft UIInterfaceOrientationLandscapeRight";
				INFOPLIST_KEY_UISupportedInterfaceOrientations_iPhone = "UIInterfaceOrientationPortrait UIInterfaceOrientationLandscapeLeft UIInterfaceOrientationLandscapeRight";
				LD_RUNPATH_SEARCH_PATHS = (
					"$(inherited)",
					"@executable_path/Frameworks",
				);
				MARKETING_VERSION = 1.0;
				PRODUCT_BUNDLE_IDENTIFIER = com.Srikanth.FirestoreChat;
				PRODUCT_NAME = "$(TARGET_NAME)";
				SWIFT_EMIT_LOC_STRINGS = YES;
				SWIFT_VERSION = 5.0;
				TARGETED_DEVICE_FAMILY = "1,2";
			};
			name = Debug;
		};
		11B402D72BEA3EA80005CE4B /* Release */ = {
			isa = XCBuildConfiguration;
			buildSettings = {
				ASSETCATALOG_COMPILER_APPICON_NAME = AppIcon;
				ASSETCATALOG_COMPILER_GLOBAL_ACCENT_COLOR_NAME = AccentColor;
				CODE_SIGN_STYLE = Automatic;
				CURRENT_PROJECT_VERSION = 1;
				DEVELOPMENT_ASSET_PATHS = "\"FirestoreChat/Preview Content\"";
				DEVELOPMENT_TEAM = N3V9KBCCA7;
				ENABLE_PREVIEWS = YES;
				GENERATE_INFOPLIST_FILE = YES;
				INFOPLIST_KEY_UIApplicationSceneManifest_Generation = YES;
				INFOPLIST_KEY_UIApplicationSupportsIndirectInputEvents = YES;
				INFOPLIST_KEY_UILaunchScreen_Generation = YES;
				INFOPLIST_KEY_UISupportedInterfaceOrientations_iPad = "UIInterfaceOrientationPortrait UIInterfaceOrientationPortraitUpsideDown UIInterfaceOrientationLandscapeLeft UIInterfaceOrientationLandscapeRight";
				INFOPLIST_KEY_UISupportedInterfaceOrientations_iPhone = "UIInterfaceOrientationPortrait UIInterfaceOrientationLandscapeLeft UIInterfaceOrientationLandscapeRight";
				LD_RUNPATH_SEARCH_PATHS = (
					"$(inherited)",
					"@executable_path/Frameworks",
				);
				MARKETING_VERSION = 1.0;
				PRODUCT_BUNDLE_IDENTIFIER = com.Srikanth.FirestoreChat;
				PRODUCT_NAME = "$(TARGET_NAME)";
				SWIFT_EMIT_LOC_STRINGS = YES;
				SWIFT_VERSION = 5.0;
				TARGETED_DEVICE_FAMILY = "1,2";
			};
			name = Release;
		};
/* End XCBuildConfiguration section */

/* Begin XCConfigurationList section */
		11B402C22BEA3EA60005CE4B /* Build configuration list for PBXProject "FirestoreChat" */ = {
			isa = XCConfigurationList;
			buildConfigurations = (
				11B402D32BEA3EA80005CE4B /* Debug */,
				11B402D42BEA3EA80005CE4B /* Release */,
			);
			defaultConfigurationIsVisible = 0;
			defaultConfigurationName = Release;
		};
		11B402D52BEA3EA80005CE4B /* Build configuration list for PBXNativeTarget "FirestoreChat" */ = {
			isa = XCConfigurationList;
			buildConfigurations = (
				11B402D62BEA3EA80005CE4B /* Debug */,
				11B402D72BEA3EA80005CE4B /* Release */,
			);
			defaultConfigurationIsVisible = 0;
			defaultConfigurationName = Release;
		};
/* End XCConfigurationList section */

/* Begin XCRemoteSwiftPackageReference section */
		11B402E72BEA41030005CE4B /* XCRemoteSwiftPackageReference "firebase-ios-sdk" */ = {
			isa = XCRemoteSwiftPackageReference;
			repositoryURL = "https://github.com/firebase/firebase-ios-sdk.git";
			requirement = {
				kind = upToNextMajorVersion;
				minimumVersion = 10.25.0;
			};
		};
/* End XCRemoteSwiftPackageReference section */

/* Begin XCSwiftPackageProductDependency section */
		11B402E82BEA41030005CE4B /* FirebaseAnalytics */ = {
			isa = XCSwiftPackageProductDependency;
			package = 11B402E72BEA41030005CE4B /* XCRemoteSwiftPackageReference "firebase-ios-sdk" */;
			productName = FirebaseAnalytics;
		};
		11B402EA2BEA41030005CE4B /* FirebaseAnalyticsOnDeviceConversion */ = {
			isa = XCSwiftPackageProductDependency;
			package = 11B402E72BEA41030005CE4B /* XCRemoteSwiftPackageReference "firebase-ios-sdk" */;
			productName = FirebaseAnalyticsOnDeviceConversion;
		};
		11B402EC2BEA41030005CE4B /* FirebaseAnalyticsSwift */ = {
			isa = XCSwiftPackageProductDependency;
			package = 11B402E72BEA41030005CE4B /* XCRemoteSwiftPackageReference "firebase-ios-sdk" */;
			productName = FirebaseAnalyticsSwift;
		};
		11B402EE2BEA41030005CE4B /* FirebaseAnalyticsWithoutAdIdSupport */ = {
			isa = XCSwiftPackageProductDependency;
			package = 11B402E72BEA41030005CE4B /* XCRemoteSwiftPackageReference "firebase-ios-sdk" */;
			productName = FirebaseAnalyticsWithoutAdIdSupport;
		};
		11B402F02BEA41030005CE4B /* FirebaseAppCheck */ = {
			isa = XCSwiftPackageProductDependency;
			package = 11B402E72BEA41030005CE4B /* XCRemoteSwiftPackageReference "firebase-ios-sdk" */;
			productName = FirebaseAppCheck;
		};
		11B402F22BEA41030005CE4B /* FirebaseAppDistribution-Beta */ = {
			isa = XCSwiftPackageProductDependency;
			package = 11B402E72BEA41030005CE4B /* XCRemoteSwiftPackageReference "firebase-ios-sdk" */;
			productName = "FirebaseAppDistribution-Beta";
		};
		11B402F42BEA41030005CE4B /* FirebaseAuth */ = {
			isa = XCSwiftPackageProductDependency;
			package = 11B402E72BEA41030005CE4B /* XCRemoteSwiftPackageReference "firebase-ios-sdk" */;
			productName = FirebaseAuth;
		};
		11B402F62BEA41030005CE4B /* FirebaseAuthCombine-Community */ = {
			isa = XCSwiftPackageProductDependency;
			package = 11B402E72BEA41030005CE4B /* XCRemoteSwiftPackageReference "firebase-ios-sdk" */;
			productName = "FirebaseAuthCombine-Community";
		};
		11B402F82BEA41030005CE4B /* FirebaseCrashlytics */ = {
			isa = XCSwiftPackageProductDependency;
			package = 11B402E72BEA41030005CE4B /* XCRemoteSwiftPackageReference "firebase-ios-sdk" */;
			productName = FirebaseCrashlytics;
		};
		11B402FA2BEA41030005CE4B /* FirebaseDatabase */ = {
			isa = XCSwiftPackageProductDependency;
			package = 11B402E72BEA41030005CE4B /* XCRemoteSwiftPackageReference "firebase-ios-sdk" */;
			productName = FirebaseDatabase;
		};
		11B402FC2BEA41030005CE4B /* FirebaseDatabaseSwift */ = {
			isa = XCSwiftPackageProductDependency;
			package = 11B402E72BEA41030005CE4B /* XCRemoteSwiftPackageReference "firebase-ios-sdk" */;
			productName = FirebaseDatabaseSwift;
		};
		11B402FE2BEA41030005CE4B /* FirebaseDynamicLinks */ = {
			isa = XCSwiftPackageProductDependency;
			package = 11B402E72BEA41030005CE4B /* XCRemoteSwiftPackageReference "firebase-ios-sdk" */;
			productName = FirebaseDynamicLinks;
		};
		11B403002BEA41030005CE4B /* FirebaseFirestore */ = {
			isa = XCSwiftPackageProductDependency;
			package = 11B402E72BEA41030005CE4B /* XCRemoteSwiftPackageReference "firebase-ios-sdk" */;
			productName = FirebaseFirestore;
		};
		11B403022BEA41030005CE4B /* FirebaseFirestoreCombine-Community */ = {
			isa = XCSwiftPackageProductDependency;
			package = 11B402E72BEA41030005CE4B /* XCRemoteSwiftPackageReference "firebase-ios-sdk" */;
			productName = "FirebaseFirestoreCombine-Community";
		};
		11B403042BEA41030005CE4B /* FirebaseFirestoreSwift */ = {
			isa = XCSwiftPackageProductDependency;
			package = 11B402E72BEA41030005CE4B /* XCRemoteSwiftPackageReference "firebase-ios-sdk" */;
			productName = FirebaseFirestoreSwift;
		};
		11B403062BEA41030005CE4B /* FirebaseFunctions */ = {
			isa = XCSwiftPackageProductDependency;
			package = 11B402E72BEA41030005CE4B /* XCRemoteSwiftPackageReference "firebase-ios-sdk" */;
			productName = FirebaseFunctions;
		};
/* End XCSwiftPackageProductDependency section */
	};
	rootObject = 11B402BF2BEA3EA60005CE4B /* Project object */;
}
